GEM
  remote: https://rubygems.org/
  specs:
    bigdecimal (4.1.2)
    liquid (5.13.0)
      bigdecimal
      strscan (>= 3.1.1)
    strscan (3.1.8)

PLATFORMS
  arm64-darwin-25
  ruby

DEPENDENCIES
  liquid (= 5.13.0)

CHECKSUMS
  bigdecimal (4.1.2) sha256=53d217666027eab4280346fba98e7d5b66baaae1b9c3c1c0ffe89d48188a3fbd
  liquid (5.13.0) sha256=09d594fd96b98e19a8fd5c32aadcc6950df429b69f48c2f774c0db0ce272bf19
  strscan (3.1.8) sha256=aae2db611a225559f21ffbb71765c9a4e60fd262534a9ea84f4f11c7f32f679e

BUNDLED WITH
  4.0.16
